
Microsoft Visual Studio Solution File, Format Version 12.00
# Visual Studio 14
VisualStudioVersion = 14.0.25420.1
MinimumVisualStudioVersion = 10.0.40219.1
Project("{FAE04EC0-301F-11D3-BF4B-00C04F79EFBC}") = "EFApi", "EFApi\EFApi.csproj", "{7A79144D-F673-46EB-987D-E40E295F995F}"
EndProject
Project("{FAE04EC0-301F-11D3-BF4B-00C04F79EFBC}") = "ETDAC", "ETDAC\ETDAC.csproj", "{B9FFA7B0-4E13-4A9C-92FD-2BE5EDAC595D}"
EndProject
Global
	GlobalSection(SolutionConfigurationPlatforms) = preSolution
		Debug|Any CPU = Debug|Any CPU
		Release|Any CPU = Release|Any CPU
	EndGlobalSection
	GlobalSection(ProjectConfigurationPlatforms) = postSolution
		{7A79144D-F673-46EB-987D-E40E295F995F}.Debug|Any CPU.ActiveCfg = Debug|Any CPU
		{7A79144D-F673-46EB-987D-E40E295F995F}.Debug|Any CPU.Build.0 = Debug|Any CPU
		{7A79144D-F673-46EB-987D-E40E295F995F}.Release|Any CPU.ActiveCfg = Release|Any CPU
		{7A79144D-F673-46EB-987D-E40E295F995F}.Release|Any CPU.Build.0 = Release|Any CPU
		{B9FFA7B0-4E13-4A9C-92FD-2BE5EDAC595D}.Debug|Any CPU.ActiveCfg = Debug|Any CPU
		{B9FFA7B0-4E13-4A9C-92FD-2BE5EDAC595D}.Debug|Any CPU.Build.0 = Debug|Any CPU
		{B9FFA7B0-4E13-4A9C-92FD-2BE5EDAC595D}.Release|Any CPU.ActiveCfg = Release|Any CPU
		{B9FFA7B0-4E13-4A9C-92FD-2BE5EDAC595D}.Release|Any CPU.Build.0 = Release|Any CPU
	EndGlobalSection
	GlobalSection(SolutionProperties) = preSolution
		HideSolutionNode = FALSE
	EndGlobalSection
EndGlobal
